{
  "version": "5",
  "specifiers": {
    "jsr:@std/assert@*": "1.0.19",
    "jsr:@std/internal@^1.0.12": "1.0.12",
    "npm:@types/node@22": "22.19.15",
    "npm:tiktoken@1": "1.0.22"
  },
  "jsr": {
    "@std/assert@1.0.19": {
      "integrity": "eaada96ee120cb980bc47e040f82814d786fe8162ecc53c91d8df60b8755991e",
      "dependencies": [
        "jsr:@std/internal"
      ]
    },
    "@std/internal@1.0.12": {
      "integrity": "972a634fd5bc34b242024402972cd5143eac68d8dffaca5eaa4dba30ce17b027"
    }
  },
  "npm": {
    "@types/node@22.19.15": {
      "integrity": "sha512-F0R/h2+dsy5wJAUe3tAU6oqa2qbWY5TpNfL/RGmo1y38hiyO1w3x2jPtt76wmuaJI4DQnOBu21cNXQ2STIUUWg==",
      "dependencies": [
        "undici-types"
      ]
    },
    "tiktoken@1.0.22": {
      "integrity": "sha512-PKvy1rVF1RibfF3JlXBSP0Jrcw2uq3yXdgcEXtKTYn3QJ/cBRBHDnrJ5jHky+MENZ6DIPwNUGWpkVx+7joCpNA=="
    },
    "undici-types@6.21.0": {
      "integrity": "sha512-iwDZqg0QAGrg9Rav5H4n0M64c3mkR59cJ6wQp+7C4nI0gsmExaedaYLNO44eT4AtBBwjbTiGPMlt2Md0T9H9JQ=="
    }
  },
  "workspace": {
    "packageJson": {
      "dependencies": [
        "npm:@types/node@22",
        "npm:tiktoken@1"
      ]
    }
  }
}
